
Microsoft Visual Studio Solution File, Format Version 10.00
# Visual C++ Express 2008
Project("{8BC9CEB8-8B4A-11D0-8D11-00A0C91BC942}") = "mt32emu_win32drv", "mt32emu_win32drv_msvc7.vcproj", "{BD7491C1-986F-4D48-99E6-018AB4ACF801}"
EndProject
Project("{8BC9CEB8-8B4A-11D0-8D11-00A0C91BC942}") = "mt32emu", "..\mt32emu\mt32emu_msvc7.vcproj", "{063A149D-E48C-499B-B13F-7A70C140A662}"
EndProject
Global
	GlobalSection(SolutionConfigurationPlatforms) = preSolution
		Debug|Win32 = Debug|Win32
		Release|Win32 = Release|Win32
	EndGlobalSection
	GlobalSection(ProjectConfigurationPlatforms) = postSolution
		{BD7491C1-986F-4D48-99E6-018AB4ACF801}.Debug|Win32.ActiveCfg = Debug|Win32
		{BD7491C1-986F-4D48-99E6-018AB4ACF801}.Debug|Win32.Build.0 = Debug|Win32
		{BD7491C1-986F-4D48-99E6-018AB4ACF801}.Release|Win32.ActiveCfg = Release|Win32
		{BD7491C1-986F-4D48-99E6-018AB4ACF801}.Release|Win32.Build.0 = Release|Win32
		{063A149D-E48C-499B-B13F-7A70C140A662}.Debug|Win32.ActiveCfg = Debug|Win32
		{063A149D-E48C-499B-B13F-7A70C140A662}.Debug|Win32.Build.0 = Debug|Win32
		{063A149D-E48C-499B-B13F-7A70C140A662}.Release|Win32.ActiveCfg = Release|Win32
		{063A149D-E48C-499B-B13F-7A70C140A662}.Release|Win32.Build.0 = Release|Win32
	EndGlobalSection
	GlobalSection(SolutionProperties) = preSolution
		HideSolutionNode = FALSE
	EndGlobalSection
EndGlobal
