
Microsoft Visual Studio Solution File, Format Version 10.00
# Visual C++ Express 2008
Project("{8BC9CEB8-8B4A-11D0-8D11-00A0C91BC942}") = "mt32emu_display", "mt32emu_display.vcproj", "{15D87DDD-291D-4501-BAC4-83067E468EF3}"
	ProjectSection(ProjectDependencies) = postProject
		{896C32F8-77E0-4C8B-B78A-DDB172E66062} = {896C32F8-77E0-4C8B-B78A-DDB172E66062}
	EndProjectSection
EndProject
Project("{8BC9CEB8-8B4A-11D0-8D11-00A0C91BC942}") = "mt32emu_display_controls", "..\mt32emu_display_controls\mt32emu_display_controls.vcproj", "{896C32F8-77E0-4C8B-B78A-DDB172E66062}"
EndProject
Global
	GlobalSection(SolutionConfigurationPlatforms) = preSolution
		Debug|Win32 = Debug|Win32
		Release|Win32 = Release|Win32
	EndGlobalSection
	GlobalSection(ProjectConfigurationPlatforms) = postSolution
		{15D87DDD-291D-4501-BAC4-83067E468EF3}.Debug|Win32.ActiveCfg = Debug|Win32
		{15D87DDD-291D-4501-BAC4-83067E468EF3}.Debug|Win32.Build.0 = Debug|Win32
		{15D87DDD-291D-4501-BAC4-83067E468EF3}.Release|Win32.ActiveCfg = Release|Win32
		{15D87DDD-291D-4501-BAC4-83067E468EF3}.Release|Win32.Build.0 = Release|Win32
		{896C32F8-77E0-4C8B-B78A-DDB172E66062}.Debug|Win32.ActiveCfg = Debug|Win32
		{896C32F8-77E0-4C8B-B78A-DDB172E66062}.Debug|Win32.Build.0 = Debug|Win32
		{896C32F8-77E0-4C8B-B78A-DDB172E66062}.Release|Win32.ActiveCfg = Release|Win32
		{896C32F8-77E0-4C8B-B78A-DDB172E66062}.Release|Win32.Build.0 = Release|Win32
	EndGlobalSection
	GlobalSection(SolutionProperties) = preSolution
		HideSolutionNode = FALSE
	EndGlobalSection
EndGlobal
